
Microsoft Visual Studio Solution File, Format Version 12.00
# Visual Studio 2013
VisualStudioVersion = 12.0.31101.0
MinimumVisualStudioVersion = 10.0.40219.1
Project("{FAE04EC0-301F-11D3-BF4B-00C04F79EFBC}") = "LionHead.Tests", "LionHead.Tests\LionHead.Tests.csproj", "{667948F7-B0A4-45E7-838E-AA2026C2B93C}"
EndProject
Project("{FAE04EC0-301F-11D3-BF4B-00C04F79EFBC}") = "Specs", "Specs\Specs.csproj", "{621EFF47-78DB-474E-A6A7-F43E2BF677B2}"
EndProject
Project("{FAE04EC0-301F-11D3-BF4B-00C04F79EFBC}") = "LionHead.Core", "LionHead.Core\LionHead.Core.csproj", "{E25AB69E-ED00-490F-8279-7D1A857A8134}"
EndProject
Project("{FAE04EC0-301F-11D3-BF4B-00C04F79EFBC}") = "LionHead.WebAPI", "LionHead.WebAPI\LionHead.WebAPI.csproj", "{CE9D5CD4-872E-4F04-BD9C-F80399B58DB9}"
EndProject
Global
	GlobalSection(SolutionConfigurationPlatforms) = preSolution
		Debug|Any CPU = Debug|Any CPU
		Release|Any CPU = Release|Any CPU
	EndGlobalSection
	GlobalSection(ProjectConfigurationPlatforms) = postSolution
		{667948F7-B0A4-45E7-838E-AA2026C2B93C}.Debug|Any CPU.ActiveCfg = Debug|Any CPU
		{667948F7-B0A4-45E7-838E-AA2026C2B93C}.Debug|Any CPU.Build.0 = Debug|Any CPU
		{667948F7-B0A4-45E7-838E-AA2026C2B93C}.Release|Any CPU.ActiveCfg = Release|Any CPU
		{667948F7-B0A4-45E7-838E-AA2026C2B93C}.Release|Any CPU.Build.0 = Release|Any CPU
		{621EFF47-78DB-474E-A6A7-F43E2BF677B2}.Debug|Any CPU.ActiveCfg = Debug|Any CPU
		{621EFF47-78DB-474E-A6A7-F43E2BF677B2}.Debug|Any CPU.Build.0 = Debug|Any CPU
		{621EFF47-78DB-474E-A6A7-F43E2BF677B2}.Release|Any CPU.ActiveCfg = Release|Any CPU
		{621EFF47-78DB-474E-A6A7-F43E2BF677B2}.Release|Any CPU.Build.0 = Release|Any CPU
		{E25AB69E-ED00-490F-8279-7D1A857A8134}.Debug|Any CPU.ActiveCfg = Debug|Any CPU
		{E25AB69E-ED00-490F-8279-7D1A857A8134}.Debug|Any CPU.Build.0 = Debug|Any CPU
		{E25AB69E-ED00-490F-8279-7D1A857A8134}.Release|Any CPU.ActiveCfg = Release|Any CPU
		{E25AB69E-ED00-490F-8279-7D1A857A8134}.Release|Any CPU.Build.0 = Release|Any CPU
		{CE9D5CD4-872E-4F04-BD9C-F80399B58DB9}.Debug|Any CPU.ActiveCfg = Debug|Any CPU
		{CE9D5CD4-872E-4F04-BD9C-F80399B58DB9}.Debug|Any CPU.Build.0 = Debug|Any CPU
		{CE9D5CD4-872E-4F04-BD9C-F80399B58DB9}.Release|Any CPU.ActiveCfg = Release|Any CPU
		{CE9D5CD4-872E-4F04-BD9C-F80399B58DB9}.Release|Any CPU.Build.0 = Release|Any CPU
	EndGlobalSection
	GlobalSection(SolutionProperties) = preSolution
		HideSolutionNode = FALSE
	EndGlobalSection
EndGlobal
